# THIS IS AN AUTOGENERATED FILE. DO NOT EDIT THIS FILE DIRECTLY.
# yarn lockfile v1


superfine@^6.0.1:
  version "6.0.1"
  resolved "https://registry.yarnpkg.com/superfine/-/superfine-6.0.1.tgz#a7b63a910bd5995f3e199d7484b6dccc3543289f"
  integrity sha512-dd6XBZi5kpCn/QomQqT1M9NNWgeTsWs0TB0J+Z0/ccmrtfp8fpsldLc7xSKEf2DSEeq+u4kTCf8AdurVJ7Blfg==
